
Microsoft Visual Studio Solution File, Format Version 12.00
# Visual Studio Version 16
VisualStudioVersion = 16.0.31410.357
MinimumVisualStudioVersion = 10.0.40219.1
Project("{FAE04EC0-301F-11D3-BF4B-00C04F79EFBC}") = "Chapter8_WindowsFormsApplication", "Chapter8_WindowsFormsApplication.csproj", "{A1D05420-9F63-4BBA-96F1-47FACE5E7119}"
EndProject
Global
	GlobalSection(SolutionConfigurationPlatforms) = preSolution
		Debug|Any CPU = Debug|Any CPU
		Release|Any CPU = Release|Any CPU
	EndGlobalSection
	GlobalSection(ProjectConfigurationPlatforms) = postSolution
		{A1D05420-9F63-4BBA-96F1-47FACE5E7119}.Debug|Any CPU.ActiveCfg = Debug|Any CPU
		{A1D05420-9F63-4BBA-96F1-47FACE5E7119}.Debug|Any CPU.Build.0 = Debug|Any CPU
		{A1D05420-9F63-4BBA-96F1-47FACE5E7119}.Release|Any CPU.ActiveCfg = Release|Any CPU
		{A1D05420-9F63-4BBA-96F1-47FACE5E7119}.Release|Any CPU.Build.0 = Release|Any CPU
	EndGlobalSection
	GlobalSection(SolutionProperties) = preSolution
		HideSolutionNode = FALSE
	EndGlobalSection
	GlobalSection(ExtensibilityGlobals) = postSolution
		SolutionGuid = {545F5175-210E-4DA3-930E-BAEEAB83755C}
	EndGlobalSection
EndGlobal
